// !$*UTF8*$!
{
	archiveVersion = 1;
	classes = {
	};
	objectVersion = 50;
	objects = {

/* Begin PBXBuildFile section */
		F57F69C220793425001BC001 /* AppDelegate.swift in Sources */ = {isa = PBXBuildFile; fileRef = F57F69C120793425001BC001 /* AppDelegate.swift */; };
		F57F69C720793425001BC001 /* Main.storyboard in Resources */ = {isa = PBXBuildFile; fileRef = F57F69C520793425001BC001 /* Main.storyboard */; };
		F57F69C920793429001BC001 /* Assets.xcassets in Resources */ = {isa = PBXBuildFile; fileRef = F57F69C820793429001BC001 /* Assets.xcassets */; };
		F57F69CC20793429001BC001 /* LaunchScreen.storyboard in Resources */ = {isa = PBXBuildFile; fileRef = F57F69CA20793429001BC001 /* LaunchScreen.storyboard */; };
		F57F69DF207939B1001BC001 /* CloudKit.framework in Frameworks */ = {isa = PBXBuildFile; fileRef = F57F69DE207939B1001BC001 /* CloudKit.framework */; };
		F57F69E120793A9B001BC001 /* RandomUser.swift in Sources */ = {isa = PBXBuildFile; fileRef = F57F69E020793A9B001BC001 /* RandomUser.swift */; };
		F57F69E320793AA9001BC001 /* RandomUsers.swift in Sources */ = {isa = PBXBuildFile; fileRef = F57F69E220793AA9001BC001 /* RandomUsers.swift */; };
		F57F69E520793AE4001BC001 /* RandomUserController.swift in Sources */ = {isa = PBXBuildFile; fileRef = F57F69E420793AE4001BC001 /* RandomUserController.swift */; };
		F57F69E720793AF3001BC001 /* Keys.swift in Sources */ = {isa = PBXBuildFile; fileRef = F57F69E620793AF3001BC001 /* Keys.swift */; };
		F57F69E920793B37001BC001 /* MainTableViewController.swift in Sources */ = {isa = PBXBuildFile; fileRef = F57F69E820793B37001BC001 /* MainTableViewController.swift */; };
		F57F69EB20793B9A001BC001 /* CloudKitManager.swift in Sources */ = {isa = PBXBuildFile; fileRef = F57F69EA20793B9A001BC001 /* CloudKitManager.swift */; };
		F57F69ED20793BDA001BC001 /* MainTableViewCell.swift in Sources */ = {isa = PBXBuildFile; fileRef = F57F69EC20793BDA001BC001 /* MainTableViewCell.swift */; };
/* End PBXBuildFile section */

/* Begin PBXFileReference section */
		F57F69BE20793425001BC001 /* RandomUsers.app */ = {isa = PBXFileReference; explicitFileType = wrapper.application; includeInIndex = 0; path = RandomUsers.app; sourceTree = BUILT_PRODUCTS_DIR; };
		F57F69C120793425001BC001 /* AppDelegate.swift */ = {isa = PBXFileReference; lastKnownFileType = sourcecode.swift; path = AppDelegate.swift; sourceTree = "<group>"; };
		F57F69C620793425001BC001 /* Base */ = {isa = PBXFileReference; lastKnownFileType = file.storyboard; name = Base; path = Base.lproj/Main.storyboard; sourceTree = "<group>"; };
		F57F69C820793429001BC001 /* Assets.xcassets */ = {isa = PBXFileReference; lastKnownFileType = folder.assetcatalog; path = Assets.xcassets; sourceTree = "<group>"; };
		F57F69CB20793429001BC001 /* Base */ = {isa = PBXFileReference; lastKnownFileType = file.storyboard; name = Base; path = Base.lproj/LaunchScreen.storyboard; sourceTree = "<group>"; };
		F57F69CD20793429001BC001 /* Info.plist */ = {isa = PBXFileReference; lastKnownFileType = text.plist.xml; path = Info.plist; sourceTree = "<group>"; };
		F57F69D320793437001BC001 /* RandomUsers.entitlements */ = {isa = PBXFileReference; lastKnownFileType = text.plist.entitlements; path = RandomUsers.entitlements; sourceTree = "<group>"; };
		F57F69DD207939B0001BC001 /* RandomUsers.entitlements */ = {isa = PBXFileReference; lastKnownFileType = text.plist.entitlements; path = RandomUsers.entitlements; sourceTree = "<group>"; };
		F57F69DE207939B1001BC001 /* CloudKit.framework */ = {isa = PBXFileReference; lastKnownFileType = wrapper.framework; name = CloudKit.framework; path = System/Library/Frameworks/CloudKit.framework; sourceTree = SDKROOT; };
		F57F69E020793A9B001BC001 /* RandomUser.swift */ = {isa = PBXFileReference; lastKnownFileType = sourcecode.swift; path = RandomUser.swift; sourceTree = "<group>"; };
		F57F69E220793AA9001BC001 /* RandomUsers.swift */ = {isa = PBXFileReference; lastKnownFileType = sourcecode.swift; path = RandomUsers.swift; sourceTree = "<group>"; };
		F57F69E420793AE4001BC001 /* RandomUserController.swift */ = {isa = PBXFileReference; lastKnownFileType = sourcecode.swift; path = RandomUserController.swift; sourceTree = "<group>"; };
		F57F69E620793AF3001BC001 /* Keys.swift */ = {isa = PBXFileReference; lastKnownFileType = sourcecode.swift; path = Keys.swift; sourceTree = "<group>"; };
		F57F69E820793B37001BC001 /* MainTableViewController.swift */ = {isa = PBXFileReference; lastKnownFileType = sourcecode.swift; path = MainTableViewController.swift; sourceTree = "<group>"; };
		F57F69EA20793B9A001BC001 /* CloudKitManager.swift */ = {isa = PBXFileReference; lastKnownFileType = sourcecode.swift; path = CloudKitManager.swift; sourceTree = "<group>"; };
		F57F69EC20793BDA001BC001 /* MainTableViewCell.swift */ = {isa = PBXFileReference; lastKnownFileType = sourcecode.swift; path = MainTableViewCell.swift; sourceTree = "<group>"; };
/* End PBXFileReference section */

/* Begin PBXFrameworksBuildPhase section */
		F57F69BB20793425001BC001 /* Frameworks */ = {
			isa = PBXFrameworksBuildPhase;
			buildActionMask = 2147483647;
			files = (
				F57F69DF207939B1001BC001 /* CloudKit.framework in Frameworks */,
			);
			runOnlyForDeploymentPostprocessing = 0;
		};
/* End PBXFrameworksBuildPhase section */

/* Begin PBXGroup section */
		F57F69B520793425001BC001 = {
			isa = PBXGroup;
			children = (
				F57F69C020793425001BC001 /* RandomUsers */,
				F57F69BF20793425001BC001 /* Products */,
				F57F69D420793439001BC001 /* Frameworks */,
			);
			sourceTree = "<group>";
		};
		F57F69BF20793425001BC001 /* Products */ = {
			isa = PBXGroup;
			children = (
				F57F69BE20793425001BC001 /* RandomUsers.app */,
			);
			name = Products;
			sourceTree = "<group>";
		};
		F57F69C020793425001BC001 /* RandomUsers */ = {
			isa = PBXGroup;
			children = (
				F57F69DD207939B0001BC001 /* RandomUsers.entitlements */,
				F57F69DC2079399B001BC001 /* Storyboard */,
				F57F69DB20793973001BC001 /* View Controllers */,
				F57F69DA2079396D001BC001 /* Keys */,
				F57F69D920793966001BC001 /* Resources */,
				F57F69D820793959001BC001 /* Model Controllers */,
				F57F69D720793954001BC001 /* Models */,
			);
			path = RandomUsers;
			sourceTree = "<group>";
		};
		F57F69D420793439001BC001 /* Frameworks */ = {
			isa = PBXGroup;
			children = (
				F57F69DE207939B1001BC001 /* CloudKit.framework */,
			);
			name = Frameworks;
			sourceTree = "<group>";
		};
		F57F69D720793954001BC001 /* Models */ = {
			isa = PBXGroup;
			children = (
				F57F69E020793A9B001BC001 /* RandomUser.swift */,
				F57F69E220793AA9001BC001 /* RandomUsers.swift */,
			);
			path = Models;
			sourceTree = "<group>";
		};
		F57F69D820793959001BC001 /* Model Controllers */ = {
			isa = PBXGroup;
			children = (
				F57F69E420793AE4001BC001 /* RandomUserController.swift */,
			);
			path = "Model Controllers";
			sourceTree = "<group>";
		};
		F57F69D920793966001BC001 /* Resources */ = {
			isa = PBXGroup;
			children = (
				F57F69C820793429001BC001 /* Assets.xcassets */,
				F57F69C120793425001BC001 /* AppDelegate.swift */,
				F57F69CD20793429001BC001 /* Info.plist */,
				F57F69D320793437001BC001 /* RandomUsers.entitlements */,
				F57F69EA20793B9A001BC001 /* CloudKitManager.swift */,
			);
			path = Resources;
			sourceTree = "<group>";
		};
		F57F69DA2079396D001BC001 /* Keys */ = {
			isa = PBXGroup;
			children = (
				F57F69E620793AF3001BC001 /* Keys.swift */,
			);
			path = Keys;
			sourceTree = "<group>";
		};
		F57F69DB20793973001BC001 /* View Controllers */ = {
			isa = PBXGroup;
			children = (
				F57F69E820793B37001BC001 /* MainTableViewController.swift */,
				F57F69EC20793BDA001BC001 /* MainTableViewCell.swift */,
			);
			path = "View Controllers";
			sourceTree = "<group>";
		};
		F57F69DC2079399B001BC001 /* Storyboard */ = {
			isa = PBXGroup;
			children = (
				F57F69CA20793429001BC001 /* LaunchScreen.storyboard */,
				F57F69C520793425001BC001 /* Main.storyboard */,
			);
			path = Storyboard;
			sourceTree = "<group>";
		};
/* End PBXGroup section */

/* Begin PBXNativeTarget section */
		F57F69BD20793425001BC001 /* RandomUsers */ = {
			isa = PBXNativeTarget;
			buildConfigurationList = F57F69D020793429001BC001 /* Build configuration list for PBXNativeTarget "RandomUsers" */;
			buildPhases = (
				F57F69BA20793425001BC001 /* Sources */,
				F57F69BB20793425001BC001 /* Frameworks */,
				F57F69BC20793425001BC001 /* Resources */,
			);
			buildRules = (
			);
			dependencies = (
			);
			name = RandomUsers;
			productName = RandomUsers;
			productReference = F57F69BE20793425001BC001 /* RandomUsers.app */;
			productType = "com.apple.product-type.application";
		};
/* End PBXNativeTarget section */

/* Begin PBXProject section */
		F57F69B620793425001BC001 /* Project object */ = {
			isa = PBXProject;
			attributes = {
				LastSwiftUpdateCheck = 0930;
				LastUpgradeCheck = 0930;
				ORGANIZATIONNAME = "Brian Weissberg";
				TargetAttributes = {
					F57F69BD20793425001BC001 = {
						CreatedOnToolsVersion = 9.3;
						SystemCapabilities = {
							com.apple.Push = {
								enabled = 1;
							};
							com.apple.iCloud = {
								enabled = 1;
							};
						};
					};
				};
			};
			buildConfigurationList = F57F69B920793425001BC001 /* Build configuration list for PBXProject "RandomUsers" */;
			compatibilityVersion = "Xcode 9.3";
			developmentRegion = en;
			hasScannedForEncodings = 0;
			knownRegions = (
				en,
				Base,
			);
			mainGroup = F57F69B520793425001BC001;
			productRefGroup = F57F69BF20793425001BC001 /* Products */;
			projectDirPath = "";
			projectRoot = "";
			targets = (
				F57F69BD20793425001BC001 /* RandomUsers */,
			);
		};
/* End PBXProject section */

/* Begin PBXResourcesBuildPhase section */
		F57F69BC20793425001BC001 /* Resources */ = {
			isa = PBXResourcesBuildPhase;
			buildActionMask = 2147483647;
			files = (
				F57F69CC20793429001BC001 /* LaunchScreen.storyboard in Resources */,
				F57F69C920793429001BC001 /* Assets.xcassets in Resources */,
				F57F69C720793425001BC001 /* Main.storyboard in Resources */,
			);
			runOnlyForDeploymentPostprocessing = 0;
		};
/* End PBXResourcesBuildPhase section */

/* Begin PBXSourcesBuildPhase section */
		F57F69BA20793425001BC001 /* Sources */ = {
			isa = PBXSourcesBuildPhase;
			buildActionMask = 2147483647;
			files = (
				F57F69E320793AA9001BC001 /* RandomUsers.swift in Sources */,
				F57F69E520793AE4001BC001 /* RandomUserController.swift in Sources */,
				F57F69ED20793BDA001BC001 /* MainTableViewCell.swift in Sources */,
				F57F69C220793425001BC001 /* AppDelegate.swift in Sources */,
				F57F69E120793A9B001BC001 /* RandomUser.swift in Sources */,
				F57F69EB20793B9A001BC001 /* CloudKitManager.swift in Sources */,
				F57F69E920793B37001BC001 /* MainTableViewController.swift in Sources */,
				F57F69E720793AF3001BC001 /* Keys.swift in Sources */,
			);
			runOnlyForDeploymentPostprocessing = 0;
		};
/* End PBXSourcesBuildPhase section */

/* Begin PBXVariantGroup section */
		F57F69C520793425001BC001 /* Main.storyboard */ = {
			isa = PBXVariantGroup;
			children = (
				F57F69C620793425001BC001 /* Base */,
			);
			name = Main.storyboard;
			sourceTree = "<group>";
		};
		F57F69CA20793429001BC001 /* LaunchScreen.storyboard */ = {
			isa = PBXVariantGroup;
			children = (
				F57F69CB20793429001BC001 /* Base */,
			);
			name = LaunchScreen.storyboard;
			sourceTree = "<group>";
		};
/* End PBXVariantGroup section */

/* Begin XCBuildConfiguration section */
		F57F69CE20793429001BC001 /* Debug */ = {
			isa = XCBuildConfiguration;
			buildSettings = {
				ALWAYS_SEARCH_USER_PATHS = NO;
				CLANG_ANALYZER_NONNULL = YES;
				CLANG_ANALYZER_NUMBER_OBJECT_CONVERSION = YES_AGGRESSIVE;
				CLANG_CXX_LANGUAGE_STANDARD = "gnu++14";
				CLANG_CXX_LIBRARY = "libc++";
				CLANG_ENABLE_MODULES = YES;
				CLANG_ENABLE_OBJC_ARC = YES;
				CLANG_ENABLE_OBJC_WEAK = YES;
				CLANG_WARN_BLOCK_CAPTURE_AUTORELEASING = YES;
				CLANG_WARN_BOOL_CONVERSION = YES;
				CLANG_WARN_COMMA = YES;
				CLANG_WARN_CONSTANT_CONVERSION = YES;
				CLANG_WARN_DEPRECATED_OBJC_IMPLEMENTATIONS = YES;
				CLANG_WARN_DIRECT_OBJC_ISA_USAGE = YES_ERROR;
				CLANG_WARN_DOCUMENTATION_COMMENTS = YES;
				CLANG_WARN_EMPTY_BODY = YES;
				CLANG_WARN_ENUM_CONVERSION = YES;
				CLANG_WARN_INFINITE_RECURSION = YES;
				CLANG_WARN_INT_CONVERSION = YES;
				CLANG_WARN_NON_LITERAL_NULL_CONVERSION = YES;
				CLANG_WARN_OBJC_IMPLICIT_RETAIN_SELF = YES;
				CLANG_WARN_OBJC_LITERAL_CONVERSION = YES;
				CLANG_WARN_OBJC_ROOT_CLASS = YES_ERROR;
				CLANG_WARN_RANGE_LOOP_ANALYSIS = YES;
				CLANG_WARN_STRICT_PROTOTYPES = YES;
				CLANG_WARN_SUSPICIOUS_MOVE = YES;
				CLANG_WARN_UNGUARDED_AVAILABILITY = YES_AGGRESSIVE;
				CLANG_WARN_UNREACHABLE_CODE = YES;
				CLANG_WARN__DUPLICATE_METHOD_MATCH = YES;
				CODE_SIGN_IDENTITY = "iPhone Developer";
				COPY_PHASE_STRIP = NO;
				DEBUG_INFORMATION_FORMAT = dwarf;
				ENABLE_STRICT_OBJC_MSGSEND = YES;
				ENABLE_TESTABILITY = YES;
				GCC_C_LANGUAGE_STANDARD = gnu11;
				GCC_DYNAMIC_NO_PIC = NO;
				GCC_NO_COMMON_BLOCKS = YES;
				GCC_OPTIMIZATION_LEVEL = 0;
				GCC_PREPROCESSOR_DEFINITIONS = (
					"DEBUG=1",
					"$(inherited)",
				);
				GCC_WARN_64_TO_32_BIT_CONVERSION = YES;
				GCC_WARN_ABOUT_RETURN_TYPE = YES_ERROR;
				GCC_WARN_UNDECLARED_SELECTOR = YES;
				GCC_WARN_UNINITIALIZED_AUTOS = YES_AGGRESSIVE;
				GCC_WARN_UNUSED_FUNCTION = YES;
				GCC_WARN_UNUSED_VARIABLE = YES;
				IPHONEOS_DEPLOYMENT_TARGET = 11.3;
				MTL_ENABLE_DEBUG_INFO = YES;
				ONLY_ACTIVE_ARCH = YES;
				SDKROOT = iphoneos;
				SWIFT_ACTIVE_COMPILATION_CONDITIONS = DEBUG;
				SWIFT_OPTIMIZATION_LEVEL = "-Onone";
			};
			name = Debug;
		};
		F57F69CF20793429001BC001 /* Release */ = {
			isa = XCBuildConfiguration;
			buildSettings = {
				ALWAYS_SEARCH_USER_PATHS = NO;
				CLANG_ANALYZER_NONNULL = YES;
				CLANG_ANALYZER_NUMBER_OBJECT_CONVERSION = YES_AGGRESSIVE;
				CLANG_CXX_LANGUAGE_STANDARD = "gnu++14";
				CLANG_CXX_LIBRARY = "libc++";
				CLANG_ENABLE_MODULES = YES;
				CLANG_ENABLE_OBJC_ARC = YES;
				CLANG_ENABLE_OBJC_WEAK = YES;
				CLANG_WARN_BLOCK_CAPTURE_AUTORELEASING = YES;
				CLANG_WARN_BOOL_CONVERSION = YES;
				CLANG_WARN_COMMA = YES;
				CLANG_WARN_CONSTANT_CONVERSION = YES;
				CLANG_WARN_DEPRECATED_OBJC_IMPLEMENTATIONS = YES;
				CLANG_WARN_DIRECT_OBJC_ISA_USAGE = YES_ERROR;
				CLANG_WARN_DOCUMENTATION_COMMENTS = YES;
				CLANG_WARN_EMPTY_BODY = YES;
				CLANG_WARN_ENUM_CONVERSION = YES;
				CLANG_WARN_INFINITE_RECURSION = YES;
				CLANG_WARN_INT_CONVERSION = YES;
				CLANG_WARN_NON_LITERAL_NULL_CONVERSION = YES;
				CLANG_WARN_OBJC_IMPLICIT_RETAIN_SELF = YES;
				CLANG_WARN_OBJC_LITERAL_CONVERSION = YES;
				CLANG_WARN_OBJC_ROOT_CLASS = YES_ERROR;
				CLANG_WARN_RANGE_LOOP_ANALYSIS = YES;
				CLANG_WARN_STRICT_PROTOTYPES = YES;
				CLANG_WARN_SUSPICIOUS_MOVE = YES;
				CLANG_WARN_UNGUARDED_AVAILABILITY = YES_AGGRESSIVE;
				CLANG_WARN_UNREACHABLE_CODE = YES;
				CLANG_WARN__DUPLICATE_METHOD_MATCH = YES;
				CODE_SIGN_IDENTITY = "iPhone Developer";
				COPY_PHASE_STRIP = NO;
				DEBUG_INFORMATION_FORMAT = "dwarf-with-dsym";
				ENABLE_NS_ASSERTIONS = NO;
				ENABLE_STRICT_OBJC_MSGSEND = YES;
				GCC_C_LANGUAGE_STANDARD = gnu11;
				GCC_NO_COMMON_BLOCKS = YES;
				GCC_WARN_64_TO_32_BIT_CONVERSION = YES;
				GCC_WARN_ABOUT_RETURN_TYPE = YES_ERROR;
				GCC_WARN_UNDECLARED_SELECTOR = YES;
				GCC_WARN_UNINITIALIZED_AUTOS = YES_AGGRESSIVE;
				GCC_WARN_UNUSED_FUNCTION = YES;
				GCC_WARN_UNUSED_VARIABLE = YES;
				IPHONEOS_DEPLOYMENT_TARGET = 11.3;
				MTL_ENABLE_DEBUG_INFO = NO;
				SDKROOT = iphoneos;
				SWIFT_COMPILATION_MODE = wholemodule;
				SWIFT_OPTIMIZATION_LEVEL = "-O";
				VALIDATE_PRODUCT = YES;
			};
			name = Release;
		};
		F57F69D120793429001BC001 /* Debug */ = {
			isa = XCBuildConfiguration;
			buildSettings = {
				ASSETCATALOG_COMPILER_APPICON_NAME = AppIcon;
				CODE_SIGN_ENTITLEMENTS = RandomUsers/RandomUsers.entitlements;
				CODE_SIGN_STYLE = Automatic;
				DEVELOPMENT_TEAM = RQ8LK92JZ2;
				INFOPLIST_FILE = "$(SRCROOT)/RandomUsers/Resources/Info.plist";
				LD_RUNPATH_SEARCH_PATHS = (
					"$(inherited)",
					"@executable_path/Frameworks",
				);
				PRODUCT_BUNDLE_IDENTIFIER = com.brianweissberg.RandomUsers;
				PRODUCT_NAME = "$(TARGET_NAME)";
				SWIFT_VERSION = 4.0;
				TARGETED_DEVICE_FAMILY = "1,2";
			};
			name = Debug;
		};
		F57F69D220793429001BC001 /* Release */ = {
			isa = XCBuildConfiguration;
			buildSettings = {
				ASSETCATALOG_COMPILER_APPICON_NAME = AppIcon;
				CODE_SIGN_ENTITLEMENTS = RandomUsers/RandomUsers.entitlements;
				CODE_SIGN_STYLE = Automatic;
				DEVELOPMENT_TEAM = RQ8LK92JZ2;
				INFOPLIST_FILE = "$(SRCROOT)/RandomUsers/Resources/Info.plist";
				LD_RUNPATH_SEARCH_PATHS = (
					"$(inherited)",
					"@executable_path/Frameworks",
				);
				PRODUCT_BUNDLE_IDENTIFIER = com.brianweissberg.RandomUsers;
				PRODUCT_NAME = "$(TARGET_NAME)";
				SWIFT_VERSION = 4.0;
				TARGETED_DEVICE_FAMILY = "1,2";
			};
			name = Release;
		};
/* End XCBuildConfiguration section */

/* Begin XCConfigurationList section */
		F57F69B920793425001BC001 /* Build configuration list for PBXProject "RandomUsers" */ = {
			isa = XCConfigurationList;
			buildConfigurations = (
				F57F69CE20793429001BC001 /* Debug */,
				F57F69CF20793429001BC001 /* Release */,
			);
			defaultConfigurationIsVisible = 0;
			defaultConfigurationName = Release;
		};
		F57F69D020793429001BC001 /* Build configuration list for PBXNativeTarget "RandomUsers" */ = {
			isa = XCConfigurationList;
			buildConfigurations = (
				F57F69D120793429001BC001 /* Debug */,
				F57F69D220793429001BC001 /* Release */,
			);
			defaultConfigurationIsVisible = 0;
			defaultConfigurationName = Release;
		};
/* End XCConfigurationList section */
	};
	rootObject = F57F69B620793425001BC001 /* Project object */;
}
